
Microsoft Visual Studio Solution File, Format Version 12.00
# Visual Studio Version 17
VisualStudioVersion = 17.0.31825.309
MinimumVisualStudioVersion = 10.0.40219.1
Project("{FAE04EC0-301F-11D3-BF4B-00C04F79EFBC}") = "Project_15_6_6", "Project_15_6_6\Project_15_6_6.csproj", "{3BFB137E-11F2-4799-8992-6AB613694F18}"
EndProject
Global
	GlobalSection(SolutionConfigurationPlatforms) = preSolution
		Debug|Any CPU = Debug|Any CPU
		Release|Any CPU = Release|Any CPU
	EndGlobalSection
	GlobalSection(ProjectConfigurationPlatforms) = postSolution
		{3BFB137E-11F2-4799-8992-6AB613694F18}.Debug|Any CPU.ActiveCfg = Debug|Any CPU
		{3BFB137E-11F2-4799-8992-6AB613694F18}.Debug|Any CPU.Build.0 = Debug|Any CPU
		{3BFB137E-11F2-4799-8992-6AB613694F18}.Release|Any CPU.ActiveCfg = Release|Any CPU
		{3BFB137E-11F2-4799-8992-6AB613694F18}.Release|Any CPU.Build.0 = Release|Any CPU
	EndGlobalSection
	GlobalSection(SolutionProperties) = preSolution
		HideSolutionNode = FALSE
	EndGlobalSection
	GlobalSection(ExtensibilityGlobals) = postSolution
		SolutionGuid = {43D4BA1A-A19C-4EF1-B12C-650A2F5FA238}
	EndGlobalSection
EndGlobal
